hash: 16a701247e2a4bb2ae4aade75022b1970c5fd49d6e451f855b7aecc89697d780
updated: 2018-06-26T10:11:17.9513791+08:00
imports:
- name: github.com/influxdata/influxdb
  version: 5f6e937c77b5c34b5cc71ef81890233664b38a7c
  subpackages:
  - client
  - client/v2
  - models
  - pkg/escape
- name: github.com/op/go-logging
  version: b2cb9fa56473e98db8caba80237377e83fe44db5
- name: github.com/shadowsocks/go-shadowsocks2
  version: 7358a5c14bd056cd67e5b9aedc0bfa588e752152
  subpackages:
  - core
  - shadowaead
  - shadowstream
  - socks
- name: github.com/Yawning/chacha20
  version: e3b1f968fc6397b51d963fee8ec8711a47bc0ce8
- name: golang.org/x/crypto
  version: c3a3ad6d03f7a915c0f7e194b7152974bb73d287
  subpackages:
  - chacha20poly1305
  - hkdf
  - internal/chacha20
  - poly1305
testImports: []
