hash: cb2a80bfadc8d8cdb28efd00f21b8633fe853635ba01926d800f1b4aef17c0aa
updated: 2018-05-03T11:27:35.1906651+08:00
imports:
- name: github.com/op/go-logging
  version: b2cb9fa56473e98db8caba80237377e83fe44db5
- name: github.com/shadowsocks/go-shadowsocks2
  version: 7358a5c14bd056cd67e5b9aedc0bfa588e752152
  subpackages:
  - core
  - shadowaead
  - shadowstream
  - socks
- name: github.com/Yawning/chacha20
  version: e3b1f968fc6397b51d963fee8ec8711a47bc0ce8
- name: golang.org/x/crypto
  version: e1a4589e7d3ea14a3352255d04b6f1a418845e5e
  subpackages:
  - chacha20poly1305
  - chacha20poly1305/internal/chacha20
  - hkdf
  - poly1305
testImports: []
